
Microsoft Visual Studio Solution File, Format Version 12.00
# Visual Studio Version 16
VisualStudioVersion = 16.0.30907.101
MinimumVisualStudioVersion = 10.0.40219.1
Project("{F184B08F-C81C-45F6-A57F-5ABD9991F28F}") = "Uplock", "Uplock\Uplock.vbproj", "{9DCF5D49-BF5B-4248-8A3E-D126603C6788}"
EndProject
Global
	GlobalSection(SolutionConfigurationPlatforms) = preSolution
		Debug|Any CPU = Debug|Any CPU
		Debug|x64 = Debug|x64
		Release|Any CPU = Release|Any CPU
		Release|x64 = Release|x64
	EndGlobalSection
	GlobalSection(ProjectConfigurationPlatforms) = postSolution
		{9DCF5D49-BF5B-4248-8A3E-D126603C6788}.Debug|Any CPU.ActiveCfg = Release|Any CPU
		{9DCF5D49-BF5B-4248-8A3E-D126603C6788}.Debug|Any CPU.Build.0 = Release|Any CPU
		{9DCF5D49-BF5B-4248-8A3E-D126603C6788}.Debug|x64.ActiveCfg = Debug|x64
		{9DCF5D49-BF5B-4248-8A3E-D126603C6788}.Debug|x64.Build.0 = Debug|x64
		{9DCF5D49-BF5B-4248-8A3E-D126603C6788}.Release|Any CPU.ActiveCfg = Release|Any CPU
		{9DCF5D49-BF5B-4248-8A3E-D126603C6788}.Release|Any CPU.Build.0 = Release|Any CPU
		{9DCF5D49-BF5B-4248-8A3E-D126603C6788}.Release|x64.ActiveCfg = Release|x64
		{9DCF5D49-BF5B-4248-8A3E-D126603C6788}.Release|x64.Build.0 = Release|x64
	EndGlobalSection
	GlobalSection(SolutionProperties) = preSolution
		HideSolutionNode = FALSE
	EndGlobalSection
	GlobalSection(ExtensibilityGlobals) = postSolution
		SolutionGuid = {6021FE98-81BF-4BA1-9238-E750C85A9FEC}
	EndGlobalSection
EndGlobal
